<?xml version="1.0" encoding="utf-8"?>
<Project ToolsVersion="4.0" xmlns="http://schemas.microsoft.com/developer/msbuild/2003">
  <ItemGroup>
    <Filter Include="源文件">
      <UniqueIdentifier>{4FC737F1-C7A5-4376-A066-2A32D752A2FF}</UniqueIdentifier>
      <Extensions>cpp;c;cc;cxx;def;odl;idl;hpj;bat;asm;asmx</Extensions>
    </Filter>
    <Filter Include="头文件">
      <UniqueIdentifier>{93995380-89BD-4b04-88EB-625FBE52EBFB}</UniqueIdentifier>
      <Extensions>h;hh;hpp;hxx;hm;inl;inc;ipp;xsd</Extensions>
    </Filter>
    <Filter Include="资源文件">
      <UniqueIdentifier>{67DA6AB6-F800-4c08-8B7A-83BB121AAD01}</UniqueIdentifier>
      <Extensions>rc;ico;cur;bmp;dlg;rc2;rct;bin;rgs;gif;jpg;jpeg;jpe;resx;tiff;tif;png;wav;mfcribbon-ms</Extensions>
    </Filter>
    <Filter Include="调试信息">
      <UniqueIdentifier>{f1873b84-d345-4a29-887a-0c567b3f3a0b}</UniqueIdentifier>
    </Filter>
    <Filter Include="加载卸载驱动">
      <UniqueIdentifier>{e4bb87af-3832-4f96-9d9d-24a415da5381}</UniqueIdentifier>
    </Filter>
    <Filter Include="DeviceIO">
      <UniqueIdentifier>{afef7cc1-2eaa-480d-bbef-839c8eae12ec}</UniqueIdentifier>
    </Filter>
  </ItemGroup>
  <ItemGroup>
    <ClCompile Include="ConsoleApplication1.cpp">
      <Filter>源文件</Filter>
    </ClCompile>
    <ClCompile Include="DebugPrint.cpp">
      <Filter>调试信息</Filter>
    </ClCompile>
    <ClCompile Include="DeviceIo.cpp">
      <Filter>DeviceIO</Filter>
    </ClCompile>
    <ClCompile Include="MyVirtualAllocEx.cpp">
      <Filter>DeviceIO</Filter>
    </ClCompile>
  </ItemGroup>
  <ItemGroup>
    <ClInclude Include="DebugPrint.h">
      <Filter>调试信息</Filter>
    </ClInclude>
    <ClInclude Include="LoadDriver.h">
      <Filter>加载卸载驱动</Filter>
    </ClInclude>
    <ClInclude Include="DeviceIo.h">
      <Filter>DeviceIO</Filter>
    </ClInclude>
    <ClInclude Include="MyVirtualAllocEx.h">
      <Filter>DeviceIO</Filter>
    </ClInclude>
  </ItemGroup>
</Project>