<?xml version="1.0" encoding="utf-8"?>
<Project ToolsVersion="4.0" xmlns="http://schemas.microsoft.com/developer/msbuild/2003">
  <ItemGroup>
    <Filter Include="Source Files">
      <UniqueIdentifier>{4FC737F1-C7A5-4376-A066-2A32D752A2FF}</UniqueIdentifier>
      <Extensions>cpp;c;cc;cxx;def;odl;idl;hpj;bat;asm;asmx</Extensions>
    </Filter>
    <Filter Include="Header Files">
      <UniqueIdentifier>{93995380-89BD-4b04-88EB-625FBE52EBFB}</UniqueIdentifier>
      <Extensions>h;hpp;hxx;hm;inl;inc;xsd</Extensions>
    </Filter>
    <Filter Include="Resource Files">
      <UniqueIdentifier>{67DA6AB6-F800-4c08-8B7A-83BB121AAD01}</UniqueIdentifier>
      <Extensions>rc;ico;cur;bmp;dlg;rc2;rct;bin;rgs;gif;jpg;jpeg;jpe;resx;tiff;tif;png;wav;mfcribbon-ms</Extensions>
    </Filter>
    <Filter Include="Driver Files">
      <UniqueIdentifier>{8E41214B-6785-4CFE-B992-037D68949A14}</UniqueIdentifier>
      <Extensions>inf;inv;inx;mof;mc;</Extensions>
    </Filter>
    <Filter Include="监控进程">
      <UniqueIdentifier>{db77d8fa-ec61-4542-8947-127648a7a5de}</UniqueIdentifier>
    </Filter>
    <Filter Include="监控进程Ex">
      <UniqueIdentifier>{62cda036-90f0-41a3-b863-d0f9e3009071}</UniqueIdentifier>
    </Filter>
    <Filter Include="进程内存保护">
      <UniqueIdentifier>{e0b511d8-89a8-401a-beb8-6692f98c1d89}</UniqueIdentifier>
    </Filter>
    <Filter Include="进程信息">
      <UniqueIdentifier>{1069749f-751d-42e8-ae98-232e18cb7c8a}</UniqueIdentifier>
    </Filter>
    <Filter Include="PG">
      <UniqueIdentifier>{a27848d9-c982-46bf-a253-369828b5b5be}</UniqueIdentifier>
    </Filter>
    <Filter Include="R0注入DLL">
      <UniqueIdentifier>{f96eb2f2-58ea-4a43-94e1-4dfecd2b4e1f}</UniqueIdentifier>
    </Filter>
    <Filter Include="自写VirtualAllocEx">
      <UniqueIdentifier>{dd645435-744f-4474-96c9-f683cb040fa1}</UniqueIdentifier>
    </Filter>
    <Filter Include="DeviceControl">
      <UniqueIdentifier>{ec4d2f75-410e-485a-b66b-56a41088e872}</UniqueIdentifier>
    </Filter>
    <Filter Include="跨进程读写">
      <UniqueIdentifier>{94b3da66-d14b-47c8-a360-02a4599c9018}</UniqueIdentifier>
    </Filter>
    <Filter Include="隐藏驱动">
      <UniqueIdentifier>{9a9324bf-e761-41bc-b40d-1918611fa0e3}</UniqueIdentifier>
    </Filter>
  </ItemGroup>
  <ItemGroup>
    <ClCompile Include="DriverEntry.c">
      <Filter>Source Files</Filter>
    </ClCompile>
    <ClCompile Include="监控进程.c">
      <Filter>监控进程</Filter>
    </ClCompile>
    <ClCompile Include="监控进程Ex.c">
      <Filter>监控进程Ex</Filter>
    </ClCompile>
    <ClCompile Include="进程内存保护.c">
      <Filter>进程内存保护</Filter>
    </ClCompile>
    <ClCompile Include="进程信息.c">
      <Filter>进程信息</Filter>
    </ClCompile>
    <ClCompile Include="Inject111.cpp">
      <Filter>R0注入DLL</Filter>
    </ClCompile>
    <ClCompile Include="VirtualAllocEx.c">
      <Filter>自写VirtualAllocEx</Filter>
    </ClCompile>
    <ClCompile Include="MyKernelReadProcessMomory.c">
      <Filter>跨进程读写</Filter>
    </ClCompile>
    <ClCompile Include="DeviceIoControl.c">
      <Filter>DeviceControl</Filter>
    </ClCompile>
    <ClCompile Include="HideDriver.c">
      <Filter>隐藏驱动</Filter>
    </ClCompile>
  </ItemGroup>
  <ItemGroup>
    <ClInclude Include="监控进程.h">
      <Filter>监控进程</Filter>
    </ClInclude>
    <ClInclude Include="监控进程Ex.h">
      <Filter>监控进程Ex</Filter>
    </ClInclude>
    <ClInclude Include="进程内存保护.h">
      <Filter>进程内存保护</Filter>
    </ClInclude>
    <ClInclude Include="进程信息.h">
      <Filter>进程信息</Filter>
    </ClInclude>
    <ClInclude Include="VirtualAllocEx.h">
      <Filter>自写VirtualAllocEx</Filter>
    </ClInclude>
    <ClInclude Include="DeviceIoControl.h">
      <Filter>DeviceControl</Filter>
    </ClInclude>
    <ClInclude Include="MyKernelReadProcessMemory.h">
      <Filter>跨进程读写</Filter>
    </ClInclude>
    <ClInclude Include="HideDriver.h">
      <Filter>隐藏驱动</Filter>
    </ClInclude>
  </ItemGroup>
</Project>